lockfileVersion: '9.0'

settings:
  autoInstallPeers: true
  excludeLinksFromLockfile: false

importers:

  .:
    dependencies:
      '@supabase/server':
        specifier: ^1.4.1
        version: 1.4.1(@supabase/supabase-js@2.112.3)

packages:

  '@supabase/auth-js@2.112.3':
    resolution: {integrity: sha512-NA0rsgAlWZPvbhw8aUdmgfpHVgUAcd8zK5ov43l++o1bLIPXZhRiAlRobhwF5AatQuovpqxsMH50F4oyyV4XZw==}
    engines: {node: '>=22.0.0'}

  '@supabase/functions-js@2.112.3':
    resolution: {integrity: sha512-gfv481mTOVWtZIJgXupxZpni2V2UWPf6jeF/jOK7HdMHdH+mt6sU0sHHwf0POsPip8ltlulu9OUHgwVzl5ddRw==}
    engines: {node: '>=22.0.0'}

  '@supabase/phoenix@0.4.5':
    resolution: {integrity: sha512-aAn9H9ovVyeApKy11OWOrrOGq8DV68yWeH4ud2lN9fzn4aO8Zb5GLL9m1pUg9nLqIcT+ZDfAcsZe0E/nqdv2lw==}

  '@supabase/postgrest-js@2.112.3':
    resolution: {integrity: sha512-+Mf6uCpzr00bqxwX8hTK2X2L9eAL/1vuOjdEjx6upz9ulb0RmQT16XeU/JkMUlVHw/B46ZnPa2busY4Kd9YCzw==}
    engines: {node: '>=22.0.0'}

  '@supabase/realtime-js@2.112.3':
    resolution: {integrity: sha512-E6wljXWs7DUOloyIB69i3YFInWE6IyCvgTAbQ0KYxOHv26FdA1KzEXTuzxrYEdf70t406Z9BRwUlGyclGF2FXA==}
    engines: {node: '>=22.0.0'}

  '@supabase/server@1.4.1':
    resolution: {integrity: sha512-Fyzpi+Srfn+flN3PwueObhSmwhXFaTkrnk3iD+ttNBEz6gD0VmaOqTe7tCxTSodm1zncWSxsyPQxATL7V+SfIw==}
    engines: {node: '>=20'}
    peerDependencies:
      '@nestjs/common': ^10.0.0 || ^11.0.0
      '@supabase/supabase-js': ^2.0.0
      elysia: ^1.4.0
      h3: ^2.0.0
      hono: ^4.0.0
    peerDependenciesMeta:
      '@nestjs/common':
        optional: true
      elysia:
        optional: true
      h3:
        optional: true
      hono:
        optional: true

  '@supabase/storage-js@2.112.3':
    resolution: {integrity: sha512-oSK61tzlUvg+BWPqpKQCu9qqonsO26btaoAR9D6Gest2aj7xUqToj9rKyaoYOJczkhg9BjqA1REbYy9tPI4bDA==}
    engines: {node: '>=22.0.0'}

  '@supabase/supabase-js@2.112.3':
    resolution: {integrity: sha512-Jv1bxVQmEJNkjvPEhFaKjPzsh+Ozyew6lWGD+SoYcsclDEP1z7yEvKvfUQfzy0DkxRIQnZNxmmWtAzw5XLTQoA==}
    engines: {node: '>=22.0.0'}
    peerDependencies:
      '@opentelemetry/api': '>=1.0.0'
    peerDependenciesMeta:
      '@opentelemetry/api':
        optional: true

  iceberg-js@0.8.1:
    resolution: {integrity: sha512-1dhVQZXhcHje7798IVM+xoo/1ZdVfzOMIc8/rgVSijRK38EDqOJoGula9N/8ZI5RD8QTxNQtK/Gozpr+qUqRRA==}
    engines: {node: '>=20.0.0'}

  jose@6.2.10:
    resolution: {integrity: sha512-iiW7J9qRFlGxvCOIBDBDxFePQSn7ZMAnrYGhrrOo6siO/MIqwfyilLR27pkfDgUk+raLuzADS8A3S/KLBisc0g==}

  tslib@2.8.1:
    resolution: {integrity: sha512-oJFu94HQb+KVduSUQL7wnpmqnfmLsOA/nAh6b6EH0wCEoK0/mPeXU6c3wKDV83MkOuHPRHtSXKKU99IBazS/2w==}

snapshots:

  '@supabase/auth-js@2.112.3':
    dependencies:
      tslib: 2.8.1

  '@supabase/functions-js@2.112.3':
    dependencies:
      tslib: 2.8.1

  '@supabase/phoenix@0.4.5': {}

  '@supabase/postgrest-js@2.112.3':
    dependencies:
      tslib: 2.8.1

  '@supabase/realtime-js@2.112.3':
    dependencies:
      '@supabase/phoenix': 0.4.5
      tslib: 2.8.1

  '@supabase/server@1.4.1(@supabase/supabase-js@2.112.3)':
    dependencies:
      '@supabase/supabase-js': 2.112.3
      jose: 6.2.10

  '@supabase/storage-js@2.112.3':
    dependencies:
      iceberg-js: 0.8.1
      tslib: 2.8.1

  '@supabase/supabase-js@2.112.3':
    dependencies:
      '@supabase/auth-js': 2.112.3
      '@supabase/functions-js': 2.112.3
      '@supabase/postgrest-js': 2.112.3
      '@supabase/realtime-js': 2.112.3
      '@supabase/storage-js': 2.112.3

  iceberg-js@0.8.1: {}

  jose@6.2.10: {}

  tslib@2.8.1: {}
